
Microsoft Visual Studio Solution File, Format Version 12.00
# Visual Studio Version 17
VisualStudioVersion = 17.3.32901.215
MinimumVisualStudioVersion = 10.0.40219.1
Project("{FAE04EC0-301F-11D3-BF4B-00C04F79EFBC}") = "BlazorApp1.Server", "Server\BlazorApp1.Server.csproj", "{4EA4D8D2-CC24-4A45-AA39-96D40E957401}"
EndProject
Project("{FAE04EC0-301F-11D3-BF4B-00C04F79EFBC}") = "BlazorApp1.Client", "Client\BlazorApp1.Client.csproj", "{E23BA560-FB9D-4BDA-B83B-87D255AB53AF}"
EndProject
Project("{FAE04EC0-301F-11D3-BF4B-00C04F79EFBC}") = "BlazorApp1.Shared", "Shared\BlazorApp1.Shared.csproj", "{20543A64-2827-424E-BCDD-1C78BD50CA59}"
EndProject
Global
	GlobalSection(SolutionConfigurationPlatforms) = preSolution
		Debug|Any CPU = Debug|Any CPU
		Release|Any CPU = Release|Any CPU
	EndGlobalSection
	GlobalSection(ProjectConfigurationPlatforms) = postSolution
		{4EA4D8D2-CC24-4A45-AA39-96D40E957401}.Debug|Any CPU.ActiveCfg = Debug|Any CPU
		{4EA4D8D2-CC24-4A45-AA39-96D40E957401}.Debug|Any CPU.Build.0 = Debug|Any CPU
		{4EA4D8D2-CC24-4A45-AA39-96D40E957401}.Release|Any CPU.ActiveCfg = Release|Any CPU
		{4EA4D8D2-CC24-4A45-AA39-96D40E957401}.Release|Any CPU.Build.0 = Release|Any CPU
		{E23BA560-FB9D-4BDA-B83B-87D255AB53AF}.Debug|Any CPU.ActiveCfg = Debug|Any CPU
		{E23BA560-FB9D-4BDA-B83B-87D255AB53AF}.Debug|Any CPU.Build.0 = Debug|Any CPU
		{E23BA560-FB9D-4BDA-B83B-87D255AB53AF}.Release|Any CPU.ActiveCfg = Release|Any CPU
		{E23BA560-FB9D-4BDA-B83B-87D255AB53AF}.Release|Any CPU.Build.0 = Release|Any CPU
		{20543A64-2827-424E-BCDD-1C78BD50CA59}.Debug|Any CPU.ActiveCfg = Debug|Any CPU
		{20543A64-2827-424E-BCDD-1C78BD50CA59}.Debug|Any CPU.Build.0 = Debug|Any CPU
		{20543A64-2827-424E-BCDD-1C78BD50CA59}.Release|Any CPU.ActiveCfg = Release|Any CPU
		{20543A64-2827-424E-BCDD-1C78BD50CA59}.Release|Any CPU.Build.0 = Release|Any CPU
	EndGlobalSection
	GlobalSection(SolutionProperties) = preSolution
		HideSolutionNode = FALSE
	EndGlobalSection
	GlobalSection(ExtensibilityGlobals) = postSolution
		SolutionGuid = {8D72B6F9-DABE-4DD5-899E-D3C84E7E8060}
	EndGlobalSection
EndGlobal
